
Microsoft Visual Studio Solution File, Format Version 12.00
# Visual Studio 2019
VisualStudioVersion = 12.0.30110.0
MinimumVisualStudioVersion = 10.0.40219.1
Project("{FAE04EC0-301F-11D3-BF4B-00C04F79EFBC}") = "Karyabi", "Karyabi\Karyabi.csproj", "{6B872536-FAF5-46F1-9AD2-045094F2371A}"
EndProject
Global
	GlobalSection(SolutionConfigurationPlatforms) = preSolution
		Debug|Any CPU = Debug|Any CPU
		Release|Any CPU = Release|Any CPU
	EndGlobalSection
	GlobalSection(ProjectConfigurationPlatforms) = postSolution
		{6B872536-FAF5-46F1-9AD2-045094F2371A}.Debug|Any CPU.ActiveCfg = Debug|Any CPU
		{6B872536-FAF5-46F1-9AD2-045094F2371A}.Debug|Any CPU.Build.0 = Debug|Any CPU
		{6B872536-FAF5-46F1-9AD2-045094F2371A}.Release|Any CPU.ActiveCfg = Release|Any CPU
		{6B872536-FAF5-46F1-9AD2-045094F2371A}.Release|Any CPU.Build.0 = Release|Any CPU
	EndGlobalSection
	GlobalSection(SolutionProperties) = preSolution
		HideSolutionNode = FALSE
	EndGlobalSection
EndGlobal
